<?xml version="1.0" encoding="UTF-8"?>
<!DOCTYPE plist PUBLIC "-//Apple//DTD PLIST 1.0//EN" "http://www.apple.com/DTDs/PropertyList-1.0.dtd">
<plist version="1.0">
<dict>
	<key>archiveVersion</key>
	<string>1</string>
	<key>classes</key>
	<dict/>
	<key>objectVersion</key>
	<string>46</string>
	<key>objects</key>
	<dict>
		<key>01dbcacb30368953c364bacc</key>
		<dict>
			<key>fileEncoding</key>
			<string>4</string>
			<key>isa</key>
			<string>PBXFileReference</string>
			<key>lastKnownFileType</key>
			<string>wrapper.framework</string>
			<key>name</key>
			<string>calabash.framework</string>
			<key>path</key>
			<string>calabash.framework</string>
			<key>sourceTree</key>
			<string>&lt;group&gt;</string>
		</dict>
		<key>17f4da849a71a95ca9a637d5</key>
		<dict>
			<key>buildSettings</key>
			<dict>
				<key>ASSETCATALOG_COMPILER_APPICON_NAME</key>
				<string>AppIcon</string>
				<key>FRAMEWORK_SEARCH_PATHS</key>
				<array>
					<string>$(inherited)</string>
					<string>"$(SRCROOT)"</string>
				</array>
				<key>INFOPLIST_FILE</key>
				<string>TestingSyndicate iOS/Info.plist</string>
				<key>LD_RUNPATH_SEARCH_PATHS</key>
				<string>$(inherited) @executable_path/Frameworks</string>
				<key>OTHER_LDFLAGS</key>
				<array>
					<string>$(inherited)</string>
					<string>-force_load</string>
					<string>"$(SRCROOT)/calabash.framework/calabash"</string>
					<string>-lstdc++</string>
				</array>
				<key>PRODUCT_BUNDLE_IDENTIFIER</key>
				<string>testingsyndicate.TestingSyndicate-iOS</string>
				<key>PRODUCT_NAME</key>
				<string>$(TARGET_NAME)</string>
			</dict>
			<key>isa</key>
			<string>XCBuildConfiguration</string>
			<key>name</key>
			<string>Release</string>
		</dict>
		<key>37cadc59c0d540fe95ebd7d2</key>
		<dict>
			<key>explicitFileType</key>
			<string>wrapper.application</string>
			<key>includeInIndex</key>
			<string>0</string>
			<key>isa</key>
			<string>PBXFileReference</string>
			<key>path</key>
			<string>TestingSyndicate iOS-cal.app</string>
			<key>sourceTree</key>
			<string>BUILT_PRODUCTS_DIR</string>
		</dict>
		<key>536b562b3bf5088151304316</key>
		<dict>
			<key>fileEncoding</key>
			<string>4</string>
			<key>isa</key>
			<string>PBXFileReference</string>
			<key>lastKnownFileType</key>
			<string>wrapper.framework</string>
			<key>name</key>
			<string>CFNetwork.framework</string>
			<key>path</key>
			<string>System/Library/Frameworks/CFNetwork.framework</string>
			<key>sourceTree</key>
			<string>SDKROOT</string>
		</dict>
		<key>5c9aa9a5d7cc980ec3ffcdb3</key>
		<dict>
			<key>fileRef</key>
			<string>6A3D48051D356F2C005C1C73</string>
			<key>isa</key>
			<string>PBXBuildFile</string>
		</dict>
		<key>63498bd50e59321ac1ae4885</key>
		<dict>
			<key>buildConfigurationList</key>
			<string>a6fef2405995fdf30060bb82</string>
			<key>buildPhases</key>
			<array>
				<string>e2541b9b83475ed35abdf32f</string>
				<string>8ca9499d16d476d0338dc4d3</string>
				<string>66390a5f2dd3310335c91bdd</string>
			</array>
			<key>buildRules</key>
			<array/>
			<key>dependencies</key>
			<array/>
			<key>isa</key>
			<string>PBXNativeTarget</string>
			<key>name</key>
			<string>TestingSyndicate iOS-cal</string>
			<key>productName</key>
			<string>TestingSyndicate iOS-cal</string>
			<key>productReference</key>
			<string>37cadc59c0d540fe95ebd7d2</string>
			<key>productType</key>
			<string>com.apple.product-type.application</string>
		</dict>
		<key>6456e8f901e6938be77be3b5</key>
		<dict>
			<key>buildSettings</key>
			<dict>
				<key>ASSETCATALOG_COMPILER_APPICON_NAME</key>
				<string>AppIcon</string>
				<key>FRAMEWORK_SEARCH_PATHS</key>
				<array>
					<string>$(inherited)</string>
					<string>"$(SRCROOT)"</string>
				</array>
				<key>INFOPLIST_FILE</key>
				<string>TestingSyndicate iOS/Info.plist</string>
				<key>LD_RUNPATH_SEARCH_PATHS</key>
				<string>$(inherited) @executable_path/Frameworks</string>
				<key>OTHER_LDFLAGS</key>
				<array>
					<string>$(inherited)</string>
					<string>-force_load</string>
					<string>"$(SRCROOT)/calabash.framework/calabash"</string>
					<string>-lstdc++</string>
				</array>
				<key>PRODUCT_BUNDLE_IDENTIFIER</key>
				<string>testingsyndicate.TestingSyndicate-iOS</string>
				<key>PRODUCT_NAME</key>
				<string>$(TARGET_NAME)</string>
			</dict>
			<key>isa</key>
			<string>XCBuildConfiguration</string>
			<key>name</key>
			<string>Debug</string>
		</dict>
		<key>66390a5f2dd3310335c91bdd</key>
		<dict>
			<key>buildActionMask</key>
			<string>2147483647</string>
			<key>files</key>
			<array>
				<string>fc2df404d6f778e43d00f326</string>
				<string>9285303c3c6f814e7a5887be</string>
				<string>ccd066e4f96fa78787a30801</string>
			</array>
			<key>isa</key>
			<string>PBXResourcesBuildPhase</string>
			<key>runOnlyForDeploymentPostprocessing</key>
			<string>0</string>
		</dict>
		<key>6816e02d001c45a3a3c8856f</key>
		<dict>
			<key>fileRef</key>
			<string>01dbcacb30368953c364bacc</string>
			<key>isa</key>
			<string>PBXBuildFile</string>
		</dict>
		<key>6A38769D1D3576E400D19F09</key>
		<dict>
			<key>children</key>
			<array>
				<string>536b562b3bf5088151304316</string>
				<string>01dbcacb30368953c364bacc</string>
			</array>
			<key>isa</key>
			<string>PBXGroup</string>
			<key>name</key>
			<string>Frameworks</string>
			<key>path</key>
			<string></string>
			<key>sourceTree</key>
			<string>&lt;group&gt;</string>
		</dict>
		<key>6A3D47E71D3569F2005C1C73</key>
		<dict>
			<key>children</key>
			<array>
				<string>6A38769D1D3576E400D19F09</string>
				<string>6A3D47F21D3569F2005C1C73</string>
				<string>6A3D47F11D3569F2005C1C73</string>
			</array>
			<key>isa</key>
			<string>PBXGroup</string>
			<key>sourceTree</key>
			<string>&lt;group&gt;</string>
		</dict>
		<key>6A3D47E81D3569F2005C1C73</key>
		<dict>
			<key>attributes</key>
			<dict>
				<key>LastSwiftUpdateCheck</key>
				<string>0730</string>
				<key>LastUpgradeCheck</key>
				<string>0730</string>
				<key>ORGANIZATIONNAME</key>
				<string>Matthew Rooth</string>
				<key>TargetAttributes</key>
				<dict>
					<key>6A3D47EF1D3569F2005C1C73</key>
					<dict>
						<key>CreatedOnToolsVersion</key>
						<string>7.3.1</string>
						<key>DevelopmentTeam</key>
						<string>KH256V5CY7</string>
					</dict>
				</dict>
			</dict>
			<key>buildConfigurationList</key>
			<string>6A3D47EB1D3569F2005C1C73</string>
			<key>compatibilityVersion</key>
			<string>Xcode 3.2</string>
			<key>developmentRegion</key>
			<string>English</string>
			<key>hasScannedForEncodings</key>
			<string>0</string>
			<key>isa</key>
			<string>PBXProject</string>
			<key>knownRegions</key>
			<array>
				<string>en</string>
				<string>Base</string>
			</array>
			<key>mainGroup</key>
			<string>6A3D47E71D3569F2005C1C73</string>
			<key>productRefGroup</key>
			<string>6A3D47F11D3569F2005C1C73</string>
			<key>projectDirPath</key>
			<string></string>
			<key>projectRoot</key>
			<string></string>
			<key>targets</key>
			<array>
				<string>6A3D47EF1D3569F2005C1C73</string>
				<string>63498bd50e59321ac1ae4885</string>
			</array>
		</dict>
		<key>6A3D47EB1D3569F2005C1C73</key>
		<dict>
			<key>buildConfigurations</key>
			<array>
				<string>6A3D48001D3569F2005C1C73</string>
				<string>6A3D48011D3569F2005C1C73</string>
			</array>
			<key>defaultConfigurationIsVisible</key>
			<string>0</string>
			<key>defaultConfigurationName</key>
			<string>Release</string>
			<key>isa</key>
			<string>XCConfigurationList</string>
		</dict>
		<key>6A3D47EC1D3569F2005C1C73</key>
		<dict>
			<key>buildActionMask</key>
			<string>2147483647</string>
			<key>files</key>
			<array>
				<string>6A3D47F61D3569F2005C1C73</string>
				<string>6A3D47F41D3569F2005C1C73</string>
				<string>6A3D48061D356F2C005C1C73</string>
			</array>
			<key>isa</key>
			<string>PBXSourcesBuildPhase</string>
			<key>runOnlyForDeploymentPostprocessing</key>
			<string>0</string>
		</dict>
		<key>6A3D47ED1D3569F2005C1C73</key>
		<dict>
			<key>buildActionMask</key>
			<string>2147483647</string>
			<key>files</key>
			<array/>
			<key>isa</key>
			<string>PBXFrameworksBuildPhase</string>
			<key>runOnlyForDeploymentPostprocessing</key>
			<string>0</string>
		</dict>
		<key>6A3D47EE1D3569F2005C1C73</key>
		<dict>
			<key>buildActionMask</key>
			<string>2147483647</string>
			<key>files</key>
			<array>
				<string>6A3D47FE1D3569F2005C1C73</string>
				<string>6A3D47FB1D3569F2005C1C73</string>
				<string>6A3D47F91D3569F2005C1C73</string>
			</array>
			<key>isa</key>
			<string>PBXResourcesBuildPhase</string>
			<key>runOnlyForDeploymentPostprocessing</key>
			<string>0</string>
		</dict>
		<key>6A3D47EF1D3569F2005C1C73</key>
		<dict>
			<key>buildConfigurationList</key>
			<string>6A3D48021D3569F2005C1C73</string>
			<key>buildPhases</key>
			<array>
				<string>6A3D47EC1D3569F2005C1C73</string>
				<string>6A3D47ED1D3569F2005C1C73</string>
				<string>6A3D47EE1D3569F2005C1C73</string>
			</array>
			<key>buildRules</key>
			<array/>
			<key>dependencies</key>
			<array/>
			<key>isa</key>
			<string>PBXNativeTarget</string>
			<key>name</key>
			<string>TestingSyndicate iOS</string>
			<key>productName</key>
			<string>TestingSyndicate iOS</string>
			<key>productReference</key>
			<string>6A3D47F01D3569F2005C1C73</string>
			<key>productType</key>
			<string>com.apple.product-type.application</string>
		</dict>
		<key>6A3D47F01D3569F2005C1C73</key>
		<dict>
			<key>explicitFileType</key>
			<string>wrapper.application</string>
			<key>includeInIndex</key>
			<string>0</string>
			<key>isa</key>
			<string>PBXFileReference</string>
			<key>path</key>
			<string>TestingSyndicate iOS.app</string>
			<key>sourceTree</key>
			<string>BUILT_PRODUCTS_DIR</string>
		</dict>
		<key>6A3D47F11D3569F2005C1C73</key>
		<dict>
			<key>children</key>
			<array>
				<string>6A3D47F01D3569F2005C1C73</string>
			</array>
			<key>isa</key>
			<string>PBXGroup</string>
			<key>name</key>
			<string>Products</string>
			<key>sourceTree</key>
			<string>&lt;group&gt;</string>
		</dict>
		<key>6A3D47F21D3569F2005C1C73</key>
		<dict>
			<key>children</key>
			<array>
				<string>6A3D47F31D3569F2005C1C73</string>
				<string>6A3D47F51D3569F2005C1C73</string>
				<string>6A3D47F71D3569F2005C1C73</string>
				<string>6A3D47FA1D3569F2005C1C73</string>
				<string>6A3D47FC1D3569F2005C1C73</string>
				<string>6A3D47FF1D3569F2005C1C73</string>
				<string>6A3D48051D356F2C005C1C73</string>
			</array>
			<key>isa</key>
			<string>PBXGroup</string>
			<key>path</key>
			<string>TestingSyndicate iOS</string>
			<key>sourceTree</key>
			<string>&lt;group&gt;</string>
		</dict>
		<key>6A3D47F31D3569F2005C1C73</key>
		<dict>
			<key>isa</key>
			<string>PBXFileReference</string>
			<key>lastKnownFileType</key>
			<string>sourcecode.swift</string>
			<key>path</key>
			<string>AppDelegate.swift</string>
			<key>sourceTree</key>
			<string>&lt;group&gt;</string>
		</dict>
		<key>6A3D47F41D3569F2005C1C73</key>
		<dict>
			<key>fileRef</key>
			<string>6A3D47F31D3569F2005C1C73</string>
			<key>isa</key>
			<string>PBXBuildFile</string>
		</dict>
		<key>6A3D47F51D3569F2005C1C73</key>
		<dict>
			<key>isa</key>
			<string>PBXFileReference</string>
			<key>lastKnownFileType</key>
			<string>sourcecode.swift</string>
			<key>path</key>
			<string>LoginViewController.swift</string>
			<key>sourceTree</key>
			<string>&lt;group&gt;</string>
		</dict>
		<key>6A3D47F61D3569F2005C1C73</key>
		<dict>
			<key>fileRef</key>
			<string>6A3D47F51D3569F2005C1C73</string>
			<key>isa</key>
			<string>PBXBuildFile</string>
		</dict>
		<key>6A3D47F71D3569F2005C1C73</key>
		<dict>
			<key>children</key>
			<array>
				<string>6A3D47F81D3569F2005C1C73</string>
			</array>
			<key>isa</key>
			<string>PBXVariantGroup</string>
			<key>name</key>
			<string>Main.storyboard</string>
			<key>sourceTree</key>
			<string>&lt;group&gt;</string>
		</dict>
		<key>6A3D47F81D3569F2005C1C73</key>
		<dict>
			<key>isa</key>
			<string>PBXFileReference</string>
			<key>lastKnownFileType</key>
			<string>file.storyboard</string>
			<key>name</key>
			<string>Base</string>
			<key>path</key>
			<string>Base.lproj/Main.storyboard</string>
			<key>sourceTree</key>
			<string>&lt;group&gt;</string>
		</dict>
		<key>6A3D47F91D3569F2005C1C73</key>
		<dict>
			<key>fileRef</key>
			<string>6A3D47F71D3569F2005C1C73</string>
			<key>isa</key>
			<string>PBXBuildFile</string>
		</dict>
		<key>6A3D47FA1D3569F2005C1C73</key>
		<dict>
			<key>isa</key>
			<string>PBXFileReference</string>
			<key>lastKnownFileType</key>
			<string>folder.assetcatalog</string>
			<key>path</key>
			<string>Assets.xcassets</string>
			<key>sourceTree</key>
			<string>&lt;group&gt;</string>
		</dict>
		<key>6A3D47FB1D3569F2005C1C73</key>
		<dict>
			<key>fileRef</key>
			<string>6A3D47FA1D3569F2005C1C73</string>
			<key>isa</key>
			<string>PBXBuildFile</string>
		</dict>
		<key>6A3D47FC1D3569F2005C1C73</key>
		<dict>
			<key>children</key>
			<array>
				<string>6A3D47FD1D3569F2005C1C73</string>
			</array>
			<key>isa</key>
			<string>PBXVariantGroup</string>
			<key>name</key>
			<string>LaunchScreen.storyboard</string>
			<key>sourceTree</key>
			<string>&lt;group&gt;</string>
		</dict>
		<key>6A3D47FD1D3569F2005C1C73</key>
		<dict>
			<key>isa</key>
			<string>PBXFileReference</string>
			<key>lastKnownFileType</key>
			<string>file.storyboard</string>
			<key>name</key>
			<string>Base</string>
			<key>path</key>
			<string>Base.lproj/LaunchScreen.storyboard</string>
			<key>sourceTree</key>
			<string>&lt;group&gt;</string>
		</dict>
		<key>6A3D47FE1D3569F2005C1C73</key>
		<dict>
			<key>fileRef</key>
			<string>6A3D47FC1D3569F2005C1C73</string>
			<key>isa</key>
			<string>PBXBuildFile</string>
		</dict>
		<key>6A3D47FF1D3569F2005C1C73</key>
		<dict>
			<key>isa</key>
			<string>PBXFileReference</string>
			<key>lastKnownFileType</key>
			<string>text.plist.xml</string>
			<key>path</key>
			<string>Info.plist</string>
			<key>sourceTree</key>
			<string>&lt;group&gt;</string>
		</dict>
		<key>6A3D48001D3569F2005C1C73</key>
		<dict>
			<key>buildSettings</key>
			<dict>
				<key>ALWAYS_SEARCH_USER_PATHS</key>
				<string>NO</string>
				<key>CLANG_ANALYZER_NONNULL</key>
				<string>YES</string>
				<key>CLANG_CXX_LANGUAGE_STANDARD</key>
				<string>gnu++0x</string>
				<key>CLANG_CXX_LIBRARY</key>
				<string>libc++</string>
				<key>CLANG_ENABLE_MODULES</key>
				<string>YES</string>
				<key>CLANG_ENABLE_OBJC_ARC</key>
				<string>YES</string>
				<key>CLANG_WARN_BOOL_CONVERSION</key>
				<string>YES</string>
				<key>CLANG_WARN_CONSTANT_CONVERSION</key>
				<string>YES</string>
				<key>CLANG_WARN_DIRECT_OBJC_ISA_USAGE</key>
				<string>YES_ERROR</string>
				<key>CLANG_WARN_EMPTY_BODY</key>
				<string>YES</string>
				<key>CLANG_WARN_ENUM_CONVERSION</key>
				<string>YES</string>
				<key>CLANG_WARN_INT_CONVERSION</key>
				<string>YES</string>
				<key>CLANG_WARN_OBJC_ROOT_CLASS</key>
				<string>YES_ERROR</string>
				<key>CLANG_WARN_UNREACHABLE_CODE</key>
				<string>YES</string>
				<key>CLANG_WARN__DUPLICATE_METHOD_MATCH</key>
				<string>YES</string>
				<key>CODE_SIGN_IDENTITY[sdk=iphoneos*]</key>
				<string>iPhone Developer</string>
				<key>COPY_PHASE_STRIP</key>
				<string>NO</string>
				<key>DEBUG_INFORMATION_FORMAT</key>
				<string>dwarf</string>
				<key>ENABLE_STRICT_OBJC_MSGSEND</key>
				<string>YES</string>
				<key>ENABLE_TESTABILITY</key>
				<string>YES</string>
				<key>GCC_C_LANGUAGE_STANDARD</key>
				<string>gnu99</string>
				<key>GCC_DYNAMIC_NO_PIC</key>
				<string>NO</string>
				<key>GCC_NO_COMMON_BLOCKS</key>
				<string>YES</string>
				<key>GCC_OPTIMIZATION_LEVEL</key>
				<string>0</string>
				<key>GCC_PREPROCESSOR_DEFINITIONS</key>
				<array>
					<string>DEBUG=1</string>
					<string>$(inherited)</string>
				</array>
				<key>GCC_WARN_64_TO_32_BIT_CONVERSION</key>
				<string>YES</string>
				<key>GCC_WARN_ABOUT_RETURN_TYPE</key>
				<string>YES_ERROR</string>
				<key>GCC_WARN_UNDECLARED_SELECTOR</key>
				<string>YES</string>
				<key>GCC_WARN_UNINITIALIZED_AUTOS</key>
				<string>YES_AGGRESSIVE</string>
				<key>GCC_WARN_UNUSED_FUNCTION</key>
				<string>YES</string>
				<key>GCC_WARN_UNUSED_VARIABLE</key>
				<string>YES</string>
				<key>IPHONEOS_DEPLOYMENT_TARGET</key>
				<string>9.3</string>
				<key>MTL_ENABLE_DEBUG_INFO</key>
				<string>YES</string>
				<key>ONLY_ACTIVE_ARCH</key>
				<string>YES</string>
				<key>SDKROOT</key>
				<string>iphoneos</string>
				<key>SWIFT_OPTIMIZATION_LEVEL</key>
				<string>-Onone</string>
			</dict>
			<key>isa</key>
			<string>XCBuildConfiguration</string>
			<key>name</key>
			<string>Debug</string>
		</dict>
		<key>6A3D48011D3569F2005C1C73</key>
		<dict>
			<key>buildSettings</key>
			<dict>
				<key>ALWAYS_SEARCH_USER_PATHS</key>
				<string>NO</string>
				<key>CLANG_ANALYZER_NONNULL</key>
				<string>YES</string>
				<key>CLANG_CXX_LANGUAGE_STANDARD</key>
				<string>gnu++0x</string>
				<key>CLANG_CXX_LIBRARY</key>
				<string>libc++</string>
				<key>CLANG_ENABLE_MODULES</key>
				<string>YES</string>
				<key>CLANG_ENABLE_OBJC_ARC</key>
				<string>YES</string>
				<key>CLANG_WARN_BOOL_CONVERSION</key>
				<string>YES</string>
				<key>CLANG_WARN_CONSTANT_CONVERSION</key>
				<string>YES</string>
				<key>CLANG_WARN_DIRECT_OBJC_ISA_USAGE</key>
				<string>YES_ERROR</string>
				<key>CLANG_WARN_EMPTY_BODY</key>
				<string>YES</string>
				<key>CLANG_WARN_ENUM_CONVERSION</key>
				<string>YES</string>
				<key>CLANG_WARN_INT_CONVERSION</key>
				<string>YES</string>
				<key>CLANG_WARN_OBJC_ROOT_CLASS</key>
				<string>YES_ERROR</string>
				<key>CLANG_WARN_UNREACHABLE_CODE</key>
				<string>YES</string>
				<key>CLANG_WARN__DUPLICATE_METHOD_MATCH</key>
				<string>YES</string>
				<key>CODE_SIGN_IDENTITY[sdk=iphoneos*]</key>
				<string>iPhone Developer</string>
				<key>COPY_PHASE_STRIP</key>
				<string>NO</string>
				<key>DEBUG_INFORMATION_FORMAT</key>
				<string>dwarf-with-dsym</string>
				<key>ENABLE_NS_ASSERTIONS</key>
				<string>NO</string>
				<key>ENABLE_STRICT_OBJC_MSGSEND</key>
				<string>YES</string>
				<key>GCC_C_LANGUAGE_STANDARD</key>
				<string>gnu99</string>
				<key>GCC_NO_COMMON_BLOCKS</key>
				<string>YES</string>
				<key>GCC_WARN_64_TO_32_BIT_CONVERSION</key>
				<string>YES</string>
				<key>GCC_WARN_ABOUT_RETURN_TYPE</key>
				<string>YES_ERROR</string>
				<key>GCC_WARN_UNDECLARED_SELECTOR</key>
				<string>YES</string>
				<key>GCC_WARN_UNINITIALIZED_AUTOS</key>
				<string>YES_AGGRESSIVE</string>
				<key>GCC_WARN_UNUSED_FUNCTION</key>
				<string>YES</string>
				<key>GCC_WARN_UNUSED_VARIABLE</key>
				<string>YES</string>
				<key>IPHONEOS_DEPLOYMENT_TARGET</key>
				<string>9.3</string>
				<key>MTL_ENABLE_DEBUG_INFO</key>
				<string>NO</string>
				<key>SDKROOT</key>
				<string>iphoneos</string>
				<key>VALIDATE_PRODUCT</key>
				<string>YES</string>
			</dict>
			<key>isa</key>
			<string>XCBuildConfiguration</string>
			<key>name</key>
			<string>Release</string>
		</dict>
		<key>6A3D48021D3569F2005C1C73</key>
		<dict>
			<key>buildConfigurations</key>
			<array>
				<string>6A3D48031D3569F2005C1C73</string>
				<string>6A3D48041D3569F2005C1C73</string>
			</array>
			<key>defaultConfigurationIsVisible</key>
			<string>0</string>
			<key>defaultConfigurationName</key>
			<string>Release</string>
			<key>isa</key>
			<string>XCConfigurationList</string>
		</dict>
		<key>6A3D48031D3569F2005C1C73</key>
		<dict>
			<key>buildSettings</key>
			<dict>
				<key>ASSETCATALOG_COMPILER_APPICON_NAME</key>
				<string>AppIcon</string>
				<key>INFOPLIST_FILE</key>
				<string>TestingSyndicate iOS/Info.plist</string>
				<key>LD_RUNPATH_SEARCH_PATHS</key>
				<string>$(inherited) @executable_path/Frameworks</string>
				<key>PRODUCT_BUNDLE_IDENTIFIER</key>
				<string>testingsyndicate.TestingSyndicate-iOS</string>
				<key>PRODUCT_NAME</key>
				<string>$(TARGET_NAME)</string>
			</dict>
			<key>isa</key>
			<string>XCBuildConfiguration</string>
			<key>name</key>
			<string>Debug</string>
		</dict>
		<key>6A3D48041D3569F2005C1C73</key>
		<dict>
			<key>buildSettings</key>
			<dict>
				<key>ASSETCATALOG_COMPILER_APPICON_NAME</key>
				<string>AppIcon</string>
				<key>INFOPLIST_FILE</key>
				<string>TestingSyndicate iOS/Info.plist</string>
				<key>LD_RUNPATH_SEARCH_PATHS</key>
				<string>$(inherited) @executable_path/Frameworks</string>
				<key>PRODUCT_BUNDLE_IDENTIFIER</key>
				<string>testingsyndicate.TestingSyndicate-iOS</string>
				<key>PRODUCT_NAME</key>
				<string>$(TARGET_NAME)</string>
			</dict>
			<key>isa</key>
			<string>XCBuildConfiguration</string>
			<key>name</key>
			<string>Release</string>
		</dict>
		<key>6A3D48051D356F2C005C1C73</key>
		<dict>
			<key>fileEncoding</key>
			<string>4</string>
			<key>isa</key>
			<string>PBXFileReference</string>
			<key>lastKnownFileType</key>
			<string>sourcecode.swift</string>
			<key>path</key>
			<string>HomeViewController.swift</string>
			<key>sourceTree</key>
			<string>&lt;group&gt;</string>
		</dict>
		<key>6A3D48061D356F2C005C1C73</key>
		<dict>
			<key>fileRef</key>
			<string>6A3D48051D356F2C005C1C73</string>
			<key>isa</key>
			<string>PBXBuildFile</string>
		</dict>
		<key>8ca9499d16d476d0338dc4d3</key>
		<dict>
			<key>buildActionMask</key>
			<string>2147483647</string>
			<key>files</key>
			<array>
				<string>d72102e54610abf804e78525</string>
				<string>6816e02d001c45a3a3c8856f</string>
			</array>
			<key>isa</key>
			<string>PBXFrameworksBuildPhase</string>
			<key>runOnlyForDeploymentPostprocessing</key>
			<string>0</string>
		</dict>
		<key>9285303c3c6f814e7a5887be</key>
		<dict>
			<key>fileRef</key>
			<string>6A3D47FA1D3569F2005C1C73</string>
			<key>isa</key>
			<string>PBXBuildFile</string>
		</dict>
		<key>a6fef2405995fdf30060bb82</key>
		<dict>
			<key>buildConfigurations</key>
			<array>
				<string>6456e8f901e6938be77be3b5</string>
				<string>17f4da849a71a95ca9a637d5</string>
			</array>
			<key>defaultConfigurationIsVisible</key>
			<string>0</string>
			<key>defaultConfigurationName</key>
			<string>Release</string>
			<key>isa</key>
			<string>XCConfigurationList</string>
		</dict>
		<key>c10c2293e5d55ddc06e3ebbd</key>
		<dict>
			<key>fileRef</key>
			<string>6A3D47F31D3569F2005C1C73</string>
			<key>isa</key>
			<string>PBXBuildFile</string>
		</dict>
		<key>c1a8d963204ffbd2e43f301e</key>
		<dict>
			<key>fileRef</key>
			<string>6A3D47F51D3569F2005C1C73</string>
			<key>isa</key>
			<string>PBXBuildFile</string>
		</dict>
		<key>ccd066e4f96fa78787a30801</key>
		<dict>
			<key>fileRef</key>
			<string>6A3D47F71D3569F2005C1C73</string>
			<key>isa</key>
			<string>PBXBuildFile</string>
		</dict>
		<key>d72102e54610abf804e78525</key>
		<dict>
			<key>fileRef</key>
			<string>536b562b3bf5088151304316</string>
			<key>isa</key>
			<string>PBXBuildFile</string>
		</dict>
		<key>e2541b9b83475ed35abdf32f</key>
		<dict>
			<key>buildActionMask</key>
			<string>2147483647</string>
			<key>files</key>
			<array>
				<string>c1a8d963204ffbd2e43f301e</string>
				<string>c10c2293e5d55ddc06e3ebbd</string>
				<string>5c9aa9a5d7cc980ec3ffcdb3</string>
			</array>
			<key>isa</key>
			<string>PBXSourcesBuildPhase</string>
			<key>runOnlyForDeploymentPostprocessing</key>
			<string>0</string>
		</dict>
		<key>fc2df404d6f778e43d00f326</key>
		<dict>
			<key>fileRef</key>
			<string>6A3D47FC1D3569F2005C1C73</string>
			<key>isa</key>
			<string>PBXBuildFile</string>
		</dict>
	</dict>
	<key>rootObject</key>
	<string>6A3D47E81D3569F2005C1C73</string>
</dict>
</plist>
