// !$*UTF8*$!
{
	archiveVersion = 1;
	classes = {
	};
	objectVersion = 46;
	objects = {

/* Begin PBXBuildFile section */
		5c9aa9a5d7cc980ec3ffcdb3 /* HomeViewController.swift in Sources */ = {isa = PBXBuildFile; fileRef = 6A3D48051D356F2C005C1C73 /* HomeViewController.swift */; };
		6816e02d001c45a3a3c8856f /* calabash.framework in Frameworks */ = {isa = PBXBuildFile; fileRef = 01dbcacb30368953c364bacc /* calabash.framework */; };
		6A3D47F41D3569F2005C1C73 /* AppDelegate.swift in Sources */ = {isa = PBXBuildFile; fileRef = 6A3D47F31D3569F2005C1C73 /* AppDelegate.swift */; };
		6A3D47F61D3569F2005C1C73 /* LoginViewController.swift in Sources */ = {isa = PBXBuildFile; fileRef = 6A3D47F51D3569F2005C1C73 /* LoginViewController.swift */; };
		6A3D47F91D3569F2005C1C73 /* Main.storyboard in Resources */ = {isa = PBXBuildFile; fileRef = 6A3D47F71D3569F2005C1C73 /* Main.storyboard */; };
		6A3D47FB1D3569F2005C1C73 /* Assets.xcassets in Resources */ = {isa = PBXBuildFile; fileRef = 6A3D47FA1D3569F2005C1C73 /* Assets.xcassets */; };
		6A3D47FE1D3569F2005C1C73 /* LaunchScreen.storyboard in Resources */ = {isa = PBXBuildFile; fileRef = 6A3D47FC1D3569F2005C1C73 /* LaunchScreen.storyboard */; };
		6A3D48061D356F2C005C1C73 /* HomeViewController.swift in Sources */ = {isa = PBXBuildFile; fileRef = 6A3D48051D356F2C005C1C73 /* HomeViewController.swift */; };
		9285303c3c6f814e7a5887be /* Assets.xcassets in Resources */ = {isa = PBXBuildFile; fileRef = 6A3D47FA1D3569F2005C1C73 /* Assets.xcassets */; };
		c10c2293e5d55ddc06e3ebbd /* AppDelegate.swift in Sources */ = {isa = PBXBuildFile; fileRef = 6A3D47F31D3569F2005C1C73 /* AppDelegate.swift */; };
		c1a8d963204ffbd2e43f301e /* LoginViewController.swift in Sources */ = {isa = PBXBuildFile; fileRef = 6A3D47F51D3569F2005C1C73 /* LoginViewController.swift */; };
		ccd066e4f96fa78787a30801 /* Main.storyboard in Resources */ = {isa = PBXBuildFile; fileRef = 6A3D47F71D3569F2005C1C73 /* Main.storyboard */; };
		d72102e54610abf804e78525 /* CFNetwork.framework in Frameworks */ = {isa = PBXBuildFile; fileRef = 536b562b3bf5088151304316 /* CFNetwork.framework */; };
		fc2df404d6f778e43d00f326 /* LaunchScreen.storyboard in Resources */ = {isa = PBXBuildFile; fileRef = 6A3D47FC1D3569F2005C1C73 /* LaunchScreen.storyboard */; };
/* End PBXBuildFile section */

/* Begin PBXFileReference section */
		01dbcacb30368953c364bacc /* calabash.framework */ = {isa = PBXFileReference; fileEncoding = 4; lastKnownFileType = wrapper.framework; path = calabash.framework; sourceTree = "<group>"; };
		536b562b3bf5088151304316 /* CFNetwork.framework */ = {isa = PBXFileReference; fileEncoding = 4; lastKnownFileType = wrapper.framework; name = CFNetwork.framework; path = System/Library/Frameworks/CFNetwork.framework; sourceTree = SDKROOT; };
		6A225E8E1D383A2F0012C35B /* TestingSyndicate iOS-cal.app */ = {isa = PBXFileReference; explicitFileType = wrapper.application; includeInIndex = 0; path = "TestingSyndicate iOS-cal.app"; sourceTree = BUILT_PRODUCTS_DIR; };
		6A3D47F01D3569F2005C1C73 /* TestingSyndicate iOS.app */ = {isa = PBXFileReference; explicitFileType = wrapper.application; includeInIndex = 0; path = "TestingSyndicate iOS.app"; sourceTree = BUILT_PRODUCTS_DIR; };
		6A3D47F31D3569F2005C1C73 /* AppDelegate.swift */ = {isa = PBXFileReference; lastKnownFileType = sourcecode.swift; path = AppDelegate.swift; sourceTree = "<group>"; };
		6A3D47F51D3569F2005C1C73 /* LoginViewController.swift */ = {isa = PBXFileReference; lastKnownFileType = sourcecode.swift; path = LoginViewController.swift; sourceTree = "<group>"; };
		6A3D47F81D3569F2005C1C73 /* Base */ = {isa = PBXFileReference; lastKnownFileType = file.storyboard; name = Base; path = Base.lproj/Main.storyboard; sourceTree = "<group>"; };
		6A3D47FA1D3569F2005C1C73 /* Assets.xcassets */ = {isa = PBXFileReference; lastKnownFileType = folder.assetcatalog; path = Assets.xcassets; sourceTree = "<group>"; };
		6A3D47FD1D3569F2005C1C73 /* Base */ = {isa = PBXFileReference; lastKnownFileType = file.storyboard; name = Base; path = Base.lproj/LaunchScreen.storyboard; sourceTree = "<group>"; };
		6A3D47FF1D3569F2005C1C73 /* Info.plist */ = {isa = PBXFileReference; lastKnownFileType = text.plist.xml; path = Info.plist; sourceTree = "<group>"; };
		6A3D48051D356F2C005C1C73 /* HomeViewController.swift */ = {isa = PBXFileReference; fileEncoding = 4; lastKnownFileType = sourcecode.swift; path = HomeViewController.swift; sourceTree = "<group>"; };
/* End PBXFileReference section */

/* Begin PBXFrameworksBuildPhase section */
		6A3D47ED1D3569F2005C1C73 /* Frameworks */ = {
			isa = PBXFrameworksBuildPhase;
			buildActionMask = 2147483647;
			files = (
			);
			runOnlyForDeploymentPostprocessing = 0;
		};
		8ca9499d16d476d0338dc4d3 /* Frameworks */ = {
			isa = PBXFrameworksBuildPhase;
			buildActionMask = 2147483647;
			files = (
				d72102e54610abf804e78525 /* CFNetwork.framework in Frameworks */,
				6816e02d001c45a3a3c8856f /* calabash.framework in Frameworks */,
			);
			runOnlyForDeploymentPostprocessing = 0;
		};
/* End PBXFrameworksBuildPhase section */

/* Begin PBXGroup section */
		6A38769D1D3576E400D19F09 /* Frameworks */ = {
			isa = PBXGroup;
			children = (
				536b562b3bf5088151304316 /* CFNetwork.framework */,
				01dbcacb30368953c364bacc /* calabash.framework */,
			);
			name = Frameworks;
			sourceTree = "<group>";
		};
		6A3D47E71D3569F2005C1C73 = {
			isa = PBXGroup;
			children = (
				6A38769D1D3576E400D19F09 /* Frameworks */,
				6A3D47F21D3569F2005C1C73 /* TestingSyndicate iOS */,
				6A3D47F11D3569F2005C1C73 /* Products */,
			);
			sourceTree = "<group>";
		};
		6A3D47F11D3569F2005C1C73 /* Products */ = {
			isa = PBXGroup;
			children = (
				6A3D47F01D3569F2005C1C73 /* TestingSyndicate iOS.app */,
				6A225E8E1D383A2F0012C35B /* TestingSyndicate iOS-cal.app */,
			);
			name = Products;
			sourceTree = "<group>";
		};
		6A3D47F21D3569F2005C1C73 /* TestingSyndicate iOS */ = {
			isa = PBXGroup;
			children = (
				6A3D47F31D3569F2005C1C73 /* AppDelegate.swift */,
				6A3D47F51D3569F2005C1C73 /* LoginViewController.swift */,
				6A3D47F71D3569F2005C1C73 /* Main.storyboard */,
				6A3D47FA1D3569F2005C1C73 /* Assets.xcassets */,
				6A3D47FC1D3569F2005C1C73 /* LaunchScreen.storyboard */,
				6A3D47FF1D3569F2005C1C73 /* Info.plist */,
				6A3D48051D356F2C005C1C73 /* HomeViewController.swift */,
			);
			path = "TestingSyndicate iOS";
			sourceTree = "<group>";
		};
/* End PBXGroup section */

/* Begin PBXNativeTarget section */
		63498bd50e59321ac1ae4885 /* TestingSyndicate iOS-cal */ = {
			isa = PBXNativeTarget;
			buildConfigurationList = a6fef2405995fdf30060bb82 /* Build configuration list for PBXNativeTarget "TestingSyndicate iOS-cal" */;
			buildPhases = (
				e2541b9b83475ed35abdf32f /* Sources */,
				8ca9499d16d476d0338dc4d3 /* Frameworks */,
				66390a5f2dd3310335c91bdd /* Resources */,
			);
			buildRules = (
			);
			dependencies = (
			);
			name = "TestingSyndicate iOS-cal";
			productName = "TestingSyndicate iOS-cal";
			productReference = 6A225E8E1D383A2F0012C35B /* TestingSyndicate iOS-cal.app */;
			productType = "com.apple.product-type.application";
		};
		6A3D47EF1D3569F2005C1C73 /* TestingSyndicate iOS */ = {
			isa = PBXNativeTarget;
			buildConfigurationList = 6A3D48021D3569F2005C1C73 /* Build configuration list for PBXNativeTarget "TestingSyndicate iOS" */;
			buildPhases = (
				6A3D47EC1D3569F2005C1C73 /* Sources */,
				6A3D47ED1D3569F2005C1C73 /* Frameworks */,
				6A3D47EE1D3569F2005C1C73 /* Resources */,
			);
			buildRules = (
			);
			dependencies = (
			);
			name = "TestingSyndicate iOS";
			productName = "TestingSyndicate iOS";
			productReference = 6A3D47F01D3569F2005C1C73 /* TestingSyndicate iOS.app */;
			productType = "com.apple.product-type.application";
		};
/* End PBXNativeTarget section */

/* Begin PBXProject section */
		6A3D47E81D3569F2005C1C73 /* Project object */ = {
			isa = PBXProject;
			attributes = {
				LastSwiftUpdateCheck = 0730;
				LastUpgradeCheck = 0730;
				ORGANIZATIONNAME = "Matthew Rooth";
				TargetAttributes = {
					6A3D47EF1D3569F2005C1C73 = {
						CreatedOnToolsVersion = 7.3.1;
						DevelopmentTeam = KH256V5CY7;
					};
				};
			};
			buildConfigurationList = 6A3D47EB1D3569F2005C1C73 /* Build configuration list for PBXProject "TestingSyndicate iOS" */;
			compatibilityVersion = "Xcode 3.2";
			developmentRegion = English;
			hasScannedForEncodings = 0;
			knownRegions = (
				en,
				Base,
			);
			mainGroup = 6A3D47E71D3569F2005C1C73;
			productRefGroup = 6A3D47F11D3569F2005C1C73 /* Products */;
			projectDirPath = "";
			projectRoot = "";
			targets = (
				6A3D47EF1D3569F2005C1C73 /* TestingSyndicate iOS */,
				63498bd50e59321ac1ae4885 /* TestingSyndicate iOS-cal */,
			);
		};
/* End PBXProject section */

/* Begin PBXResourcesBuildPhase section */
		66390a5f2dd3310335c91bdd /* Resources */ = {
			isa = PBXResourcesBuildPhase;
			buildActionMask = 2147483647;
			files = (
				fc2df404d6f778e43d00f326 /* LaunchScreen.storyboard in Resources */,
				9285303c3c6f814e7a5887be /* Assets.xcassets in Resources */,
				ccd066e4f96fa78787a30801 /* Main.storyboard in Resources */,
			);
			runOnlyForDeploymentPostprocessing = 0;
		};
		6A3D47EE1D3569F2005C1C73 /* Resources */ = {
			isa = PBXResourcesBuildPhase;
			buildActionMask = 2147483647;
			files = (
				6A3D47FE1D3569F2005C1C73 /* LaunchScreen.storyboard in Resources */,
				6A3D47FB1D3569F2005C1C73 /* Assets.xcassets in Resources */,
				6A3D47F91D3569F2005C1C73 /* Main.storyboard in Resources */,
			);
			runOnlyForDeploymentPostprocessing = 0;
		};
/* End PBXResourcesBuildPhase section */

/* Begin PBXSourcesBuildPhase section */
		6A3D47EC1D3569F2005C1C73 /* Sources */ = {
			isa = PBXSourcesBuildPhase;
			buildActionMask = 2147483647;
			files = (
				6A3D47F61D3569F2005C1C73 /* LoginViewController.swift in Sources */,
				6A3D47F41D3569F2005C1C73 /* AppDelegate.swift in Sources */,
				6A3D48061D356F2C005C1C73 /* HomeViewController.swift in Sources */,
			);
			runOnlyForDeploymentPostprocessing = 0;
		};
		e2541b9b83475ed35abdf32f /* Sources */ = {
			isa = PBXSourcesBuildPhase;
			buildActionMask = 2147483647;
			files = (
				c1a8d963204ffbd2e43f301e /* LoginViewController.swift in Sources */,
				c10c2293e5d55ddc06e3ebbd /* AppDelegate.swift in Sources */,
				5c9aa9a5d7cc980ec3ffcdb3 /* HomeViewController.swift in Sources */,
			);
			runOnlyForDeploymentPostprocessing = 0;
		};
/* End PBXSourcesBuildPhase section */

/* Begin PBXVariantGroup section */
		6A3D47F71D3569F2005C1C73 /* Main.storyboard */ = {
			isa = PBXVariantGroup;
			children = (
				6A3D47F81D3569F2005C1C73 /* Base */,
			);
			name = Main.storyboard;
			sourceTree = "<group>";
		};
		6A3D47FC1D3569F2005C1C73 /* LaunchScreen.storyboard */ = {
			isa = PBXVariantGroup;
			children = (
				6A3D47FD1D3569F2005C1C73 /* Base */,
			);
			name = LaunchScreen.storyboard;
			sourceTree = "<group>";
		};
/* End PBXVariantGroup section */

/* Begin XCBuildConfiguration section */
		17f4da849a71a95ca9a637d5 /* Release */ = {
			isa = XCBuildConfiguration;
			buildSettings = {
				ASSETCATALOG_COMPILER_APPICON_NAME = AppIcon;
				FRAMEWORK_SEARCH_PATHS = (
					"$(inherited)",
					"\"$(SRCROOT)\"",
				);
				INFOPLIST_FILE = "TestingSyndicate iOS/Info.plist";
				LD_RUNPATH_SEARCH_PATHS = "$(inherited) @executable_path/Frameworks";
				OTHER_LDFLAGS = (
					"$(inherited)",
					"-force_load",
					"\"$(SRCROOT)/calabash.framework/calabash\"",
					"-lstdc++",
				);
				PRODUCT_BUNDLE_IDENTIFIER = "testingsyndicate.TestingSyndicate-iOS";
				PRODUCT_NAME = "$(TARGET_NAME)";
			};
			name = Release;
		};
		6456e8f901e6938be77be3b5 /* Debug */ = {
			isa = XCBuildConfiguration;
			buildSettings = {
				ASSETCATALOG_COMPILER_APPICON_NAME = AppIcon;
				FRAMEWORK_SEARCH_PATHS = (
					"$(inherited)",
					"\"$(SRCROOT)\"",
				);
				INFOPLIST_FILE = "TestingSyndicate iOS/Info.plist";
				LD_RUNPATH_SEARCH_PATHS = "$(inherited) @executable_path/Frameworks";
				OTHER_LDFLAGS = (
					"$(inherited)",
					"-force_load",
					"\"$(SRCROOT)/calabash.framework/calabash\"",
					"-lstdc++",
				);
				PRODUCT_BUNDLE_IDENTIFIER = "testingsyndicate.TestingSyndicate-iOS";
				PRODUCT_NAME = "$(TARGET_NAME)";
			};
			name = Debug;
		};
		6A3D48001D3569F2005C1C73 /* Debug */ = {
			isa = XCBuildConfiguration;
			buildSettings = {
				ALWAYS_SEARCH_USER_PATHS = NO;
				CLANG_ANALYZER_NONNULL = YES;
				CLANG_CXX_LANGUAGE_STANDARD = "gnu++0x";
				CLANG_CXX_LIBRARY = "libc++";
				CLANG_ENABLE_MODULES = YES;
				CLANG_ENABLE_OBJC_ARC = YES;
				CLANG_WARN_BOOL_CONVERSION = YES;
				CLANG_WARN_CONSTANT_CONVERSION = YES;
				CLANG_WARN_DIRECT_OBJC_ISA_USAGE = YES_ERROR;
				CLANG_WARN_EMPTY_BODY = YES;
				CLANG_WARN_ENUM_CONVERSION = YES;
				CLANG_WARN_INT_CONVERSION = YES;
				CLANG_WARN_OBJC_ROOT_CLASS = YES_ERROR;
				CLANG_WARN_UNREACHABLE_CODE = YES;
				CLANG_WARN__DUPLICATE_METHOD_MATCH = YES;
				"CODE_SIGN_IDENTITY[sdk=iphoneos*]" = "iPhone Developer";
				COPY_PHASE_STRIP = NO;
				DEBUG_INFORMATION_FORMAT = dwarf;
				ENABLE_STRICT_OBJC_MSGSEND = YES;
				ENABLE_TESTABILITY = YES;
				GCC_C_LANGUAGE_STANDARD = gnu99;
				GCC_DYNAMIC_NO_PIC = NO;
				GCC_NO_COMMON_BLOCKS = YES;
				GCC_OPTIMIZATION_LEVEL = 0;
				GCC_PREPROCESSOR_DEFINITIONS = (
					"DEBUG=1",
					"$(inherited)",
				);
				GCC_WARN_64_TO_32_BIT_CONVERSION = YES;
				GCC_WARN_ABOUT_RETURN_TYPE = YES_ERROR;
				GCC_WARN_UNDECLARED_SELECTOR = YES;
				GCC_WARN_UNINITIALIZED_AUTOS = YES_AGGRESSIVE;
				GCC_WARN_UNUSED_FUNCTION = YES;
				GCC_WARN_UNUSED_VARIABLE = YES;
				IPHONEOS_DEPLOYMENT_TARGET = 9.3;
				MTL_ENABLE_DEBUG_INFO = YES;
				ONLY_ACTIVE_ARCH = YES;
				SDKROOT = iphoneos;
				SWIFT_OPTIMIZATION_LEVEL = "-Onone";
			};
			name = Debug;
		};
		6A3D48011D3569F2005C1C73 /* Release */ = {
			isa = XCBuildConfiguration;
			buildSettings = {
				ALWAYS_SEARCH_USER_PATHS = NO;
				CLANG_ANALYZER_NONNULL = YES;
				CLANG_CXX_LANGUAGE_STANDARD = "gnu++0x";
				CLANG_CXX_LIBRARY = "libc++";
				CLANG_ENABLE_MODULES = YES;
				CLANG_ENABLE_OBJC_ARC = YES;
				CLANG_WARN_BOOL_CONVERSION = YES;
				CLANG_WARN_CONSTANT_CONVERSION = YES;
				CLANG_WARN_DIRECT_OBJC_ISA_USAGE = YES_ERROR;
				CLANG_WARN_EMPTY_BODY = YES;
				CLANG_WARN_ENUM_CONVERSION = YES;
				CLANG_WARN_INT_CONVERSION = YES;
				CLANG_WARN_OBJC_ROOT_CLASS = YES_ERROR;
				CLANG_WARN_UNREACHABLE_CODE = YES;
				CLANG_WARN__DUPLICATE_METHOD_MATCH = YES;
				"CODE_SIGN_IDENTITY[sdk=iphoneos*]" = "iPhone Developer";
				COPY_PHASE_STRIP = NO;
				DEBUG_INFORMATION_FORMAT = "dwarf-with-dsym";
				ENABLE_NS_ASSERTIONS = NO;
				ENABLE_STRICT_OBJC_MSGSEND = YES;
				GCC_C_LANGUAGE_STANDARD = gnu99;
				GCC_NO_COMMON_BLOCKS = YES;
				GCC_WARN_64_TO_32_BIT_CONVERSION = YES;
				GCC_WARN_ABOUT_RETURN_TYPE = YES_ERROR;
				GCC_WARN_UNDECLARED_SELECTOR = YES;
				GCC_WARN_UNINITIALIZED_AUTOS = YES_AGGRESSIVE;
				GCC_WARN_UNUSED_FUNCTION = YES;
				GCC_WARN_UNUSED_VARIABLE = YES;
				IPHONEOS_DEPLOYMENT_TARGET = 9.3;
				MTL_ENABLE_DEBUG_INFO = NO;
				SDKROOT = iphoneos;
				VALIDATE_PRODUCT = YES;
			};
			name = Release;
		};
		6A3D48031D3569F2005C1C73 /* Debug */ = {
			isa = XCBuildConfiguration;
			buildSettings = {
				ASSETCATALOG_COMPILER_APPICON_NAME = AppIcon;
				INFOPLIST_FILE = "TestingSyndicate iOS/Info.plist";
				LD_RUNPATH_SEARCH_PATHS = "$(inherited) @executable_path/Frameworks";
				PRODUCT_BUNDLE_IDENTIFIER = "-";
				PRODUCT_NAME = "$(TARGET_NAME)";
			};
			name = Debug;
		};
		6A3D48041D3569F2005C1C73 /* Release */ = {
			isa = XCBuildConfiguration;
			buildSettings = {
				ASSETCATALOG_COMPILER_APPICON_NAME = AppIcon;
				INFOPLIST_FILE = "TestingSyndicate iOS/Info.plist";
				LD_RUNPATH_SEARCH_PATHS = "$(inherited) @executable_path/Frameworks";
				PRODUCT_BUNDLE_IDENTIFIER = "-";
				PRODUCT_NAME = "$(TARGET_NAME)";
			};
			name = Release;
		};
/* End XCBuildConfiguration section */

/* Begin XCConfigurationList section */
		6A3D47EB1D3569F2005C1C73 /* Build configuration list for PBXProject "TestingSyndicate iOS" */ = {
			isa = XCConfigurationList;
			buildConfigurations = (
				6A3D48001D3569F2005C1C73 /* Debug */,
				6A3D48011D3569F2005C1C73 /* Release */,
			);
			defaultConfigurationIsVisible = 0;
			defaultConfigurationName = Release;
		};
		6A3D48021D3569F2005C1C73 /* Build configuration list for PBXNativeTarget "TestingSyndicate iOS" */ = {
			isa = XCConfigurationList;
			buildConfigurations = (
				6A3D48031D3569F2005C1C73 /* Debug */,
				6A3D48041D3569F2005C1C73 /* Release */,
			);
			defaultConfigurationIsVisible = 0;
			defaultConfigurationName = Release;
		};
		a6fef2405995fdf30060bb82 /* Build configuration list for PBXNativeTarget "TestingSyndicate iOS-cal" */ = {
			isa = XCConfigurationList;
			buildConfigurations = (
				6456e8f901e6938be77be3b5 /* Debug */,
				17f4da849a71a95ca9a637d5 /* Release */,
			);
			defaultConfigurationIsVisible = 0;
			defaultConfigurationName = Release;
		};
/* End XCConfigurationList section */
	};
	rootObject = 6A3D47E81D3569F2005C1C73 /* Project object */;
}
